
Microsoft Visual Studio Solution File, Format Version 12.00
# Visual Studio 15
VisualStudioVersion = 15.0.28010.2050
MinimumVisualStudioVersion = 10.0.40219.1
Project("{FAE04EC0-301F-11D3-BF4B-00C04F79EFBC}") = "WcfService1", "WcfService1\WcfService1.csproj", "{D6C47CDD-0CFB-4AE8-9DE3-CD962AE182DD}"
EndProject
Global
	GlobalSection(SolutionConfigurationPlatforms) = preSolution
		Debug|Any CPU = Debug|Any CPU
		Release|Any CPU = Release|Any CPU
	EndGlobalSection
	GlobalSection(ProjectConfigurationPlatforms) = postSolution
		{D6C47CDD-0CFB-4AE8-9DE3-CD962AE182DD}.Debug|Any CPU.ActiveCfg = Debug|Any CPU
		{D6C47CDD-0CFB-4AE8-9DE3-CD962AE182DD}.Debug|Any CPU.Build.0 = Debug|Any CPU
		{D6C47CDD-0CFB-4AE8-9DE3-CD962AE182DD}.Release|Any CPU.ActiveCfg = Release|Any CPU
		{D6C47CDD-0CFB-4AE8-9DE3-CD962AE182DD}.Release|Any CPU.Build.0 = Release|Any CPU
	EndGlobalSection
	GlobalSection(SolutionProperties) = preSolution
		HideSolutionNode = FALSE
	EndGlobalSection
	GlobalSection(ExtensibilityGlobals) = postSolution
		SolutionGuid = {54F2AAB7-10DE-44A1-A797-C246D6AB49AC}
	EndGlobalSection
EndGlobal
